// !$*UTF8*$!
{
	archiveVersion = 1;
	classes = {
	};
	objectVersion = 46;
	objects = {

/* Begin PBXBuildFile section */
		144EA7131ED2FD080078BD90 /* FLTableViewController.m in Sources */ = {isa = PBXBuildFile; fileRef = 144EA7111ED2FD080078BD90 /* FLTableViewController.m */; };
		144EA7141ED2FD080078BD90 /* FLTableViewController.xib in Resources */ = {isa = PBXBuildFile; fileRef = 144EA7121ED2FD080078BD90 /* FLTableViewController.xib */; };
		144EA7181ED2FDBC0078BD90 /* FLTableViewCell.m in Sources */ = {isa = PBXBuildFile; fileRef = 144EA7161ED2FDBC0078BD90 /* FLTableViewCell.m */; };
		144EA7191ED2FDBC0078BD90 /* FLTableViewCell.xib in Resources */ = {isa = PBXBuildFile; fileRef = 144EA7171ED2FDBC0078BD90 /* FLTableViewCell.xib */; };
		144EA71D1ED307600078BD90 /* HDTableViewCell.m in Sources */ = {isa = PBXBuildFile; fileRef = 144EA71B1ED307600078BD90 /* HDTableViewCell.m */; };
		144EA71E1ED307600078BD90 /* HDTableViewCell.xib in Resources */ = {isa = PBXBuildFile; fileRef = 144EA71C1ED307600078BD90 /* HDTableViewCell.xib */; };
		1462E4DA1ED282DB000AD23D /* main.m in Sources */ = {isa = PBXBuildFile; fileRef = 1462E4D91ED282DB000AD23D /* main.m */; };
		1462E4DD1ED282DB000AD23D /* AppDelegate.m in Sources */ = {isa = PBXBuildFile; fileRef = 1462E4DC1ED282DB000AD23D /* AppDelegate.m */; };
		1462E4E01ED282DB000AD23D /* ViewController.m in Sources */ = {isa = PBXBuildFile; fileRef = 1462E4DF1ED282DB000AD23D /* ViewController.m */; };
		1462E4E31ED282DB000AD23D /* Main.storyboard in Resources */ = {isa = PBXBuildFile; fileRef = 1462E4E11ED282DB000AD23D /* Main.storyboard */; };
		1462E4E51ED282DB000AD23D /* Assets.xcassets in Resources */ = {isa = PBXBuildFile; fileRef = 1462E4E41ED282DB000AD23D /* Assets.xcassets */; };
		1462E4E81ED282DB000AD23D /* LaunchScreen.storyboard in Resources */ = {isa = PBXBuildFile; fileRef = 1462E4E61ED282DB000AD23D /* LaunchScreen.storyboard */; };
		1462E4F31ED282DB000AD23D /* Pro22Tests.m in Sources */ = {isa = PBXBuildFile; fileRef = 1462E4F21ED282DB000AD23D /* Pro22Tests.m */; };
		1462E4FE1ED282DB000AD23D /* Pro22UITests.m in Sources */ = {isa = PBXBuildFile; fileRef = 1462E4FD1ED282DB000AD23D /* Pro22UITests.m */; };
		9A80C55E906D4C95B8DEDD1C /* libPods-Pro22.a in Frameworks */ = {isa = PBXBuildFile; fileRef = 07E0AE4504C253C2451C3BA0 /* libPods-Pro22.a */; };
		C23EE186602AE6C992E45A87 /* libPods-Pro22Tests.a in Frameworks */ = {isa = PBXBuildFile; fileRef = 148ECCE445FA963238D18C1C /* libPods-Pro22Tests.a */; };
		C3AF3B4D915EBE9A44A02834 /* libPods-Pro22UITests.a in Frameworks */ = {isa = PBXBuildFile; fileRef = A6D168E73CAA5784FDD5A716 /* libPods-Pro22UITests.a */; };
/* End PBXBuildFile section */

/* Begin PBXContainerItemProxy section */
		1462E4EF1ED282DB000AD23D /* PBXContainerItemProxy */ = {
			isa = PBXContainerItemProxy;
			containerPortal = 1462E4CD1ED282DB000AD23D /* Project object */;
			proxyType = 1;
			remoteGlobalIDString = 1462E4D41ED282DB000AD23D;
			remoteInfo = Pro22;
		};
		1462E4FA1ED282DB000AD23D /* PBXContainerItemProxy */ = {
			isa = PBXContainerItemProxy;
			containerPortal = 1462E4CD1ED282DB000AD23D /* Project object */;
			proxyType = 1;
			remoteGlobalIDString = 1462E4D41ED282DB000AD23D;
			remoteInfo = Pro22;
		};
/* End PBXContainerItemProxy section */

/* Begin PBXFileReference section */
		07E0AE4504C253C2451C3BA0 /* libPods-Pro22.a */ = {isa = PBXFileReference; explicitFileType = archive.ar; includeInIndex = 0; path = "libPods-Pro22.a"; sourceTree = BUILT_PRODUCTS_DIR; };
		144EA7101ED2FD080078BD90 /* FLTableViewController.h */ = {isa = PBXFileReference; fileEncoding = 4; lastKnownFileType = sourcecode.c.h; path = FLTableViewController.h; sourceTree = "<group>"; };
		144EA7111ED2FD080078BD90 /* FLTableViewController.m */ = {isa = PBXFileReference; fileEncoding = 4; lastKnownFileType = sourcecode.c.objc; path = FLTableViewController.m; sourceTree = "<group>"; };
		144EA7121ED2FD080078BD90 /* FLTableViewController.xib */ = {isa = PBXFileReference; fileEncoding = 4; lastKnownFileType = file.xib; path = FLTableViewController.xib; sourceTree = "<group>"; };
		144EA7151ED2FDBC0078BD90 /* FLTableViewCell.h */ = {isa = PBXFileReference; fileEncoding = 4; lastKnownFileType = sourcecode.c.h; path = FLTableViewCell.h; sourceTree = "<group>"; };
		144EA7161ED2FDBC0078BD90 /* FLTableViewCell.m */ = {isa = PBXFileReference; fileEncoding = 4; lastKnownFileType = sourcecode.c.objc; path = FLTableViewCell.m; sourceTree = "<group>"; };
		144EA7171ED2FDBC0078BD90 /* FLTableViewCell.xib */ = {isa = PBXFileReference; fileEncoding = 4; lastKnownFileType = file.xib; path = FLTableViewCell.xib; sourceTree = "<group>"; };
		144EA71A1ED307600078BD90 /* HDTableViewCell.h */ = {isa = PBXFileReference; fileEncoding = 4; lastKnownFileType = sourcecode.c.h; path = HDTableViewCell.h; sourceTree = "<group>"; };
		144EA71B1ED307600078BD90 /* HDTableViewCell.m */ = {isa = PBXFileReference; fileEncoding = 4; lastKnownFileType = sourcecode.c.objc; path = HDTableViewCell.m; sourceTree = "<group>"; };
		144EA71C1ED307600078BD90 /* HDTableViewCell.xib */ = {isa = PBXFileReference; fileEncoding = 4; lastKnownFileType = file.xib; path = HDTableViewCell.xib; sourceTree = "<group>"; };
		1462E4D51ED282DB000AD23D /* Pro22.app */ = {isa = PBXFileReference; explicitFileType = wrapper.application; includeInIndex = 0; path = Pro22.app; sourceTree = BUILT_PRODUCTS_DIR; };
		1462E4D91ED282DB000AD23D /* main.m */ = {isa = PBXFileReference; lastKnownFileType = sourcecode.c.objc; path = main.m; sourceTree = "<group>"; };
		1462E4DB1ED282DB000AD23D /* AppDelegate.h */ = {isa = PBXFileReference; lastKnownFileType = sourcecode.c.h; path = AppDelegate.h; sourceTree = "<group>"; };
		1462E4DC1ED282DB000AD23D /* AppDelegate.m */ = {isa = PBXFileReference; lastKnownFileType = sourcecode.c.objc; path = AppDelegate.m; sourceTree = "<group>"; };
		1462E4DE1ED282DB000AD23D /* ViewController.h */ = {isa = PBXFileReference; lastKnownFileType = sourcecode.c.h; path = ViewController.h; sourceTree = "<group>"; };
		1462E4DF1ED282DB000AD23D /* ViewController.m */ = {isa = PBXFileReference; lastKnownFileType = sourcecode.c.objc; path = ViewController.m; sourceTree = "<group>"; };
		1462E4E21ED282DB000AD23D /* Base */ = {isa = PBXFileReference; lastKnownFileType = file.storyboard; name = Base; path = Base.lproj/Main.storyboard; sourceTree = "<group>"; };
		1462E4E41ED282DB000AD23D /* Assets.xcassets */ = {isa = PBXFileReference; lastKnownFileType = folder.assetcatalog; path = Assets.xcassets; sourceTree = "<group>"; };
		1462E4E71ED282DB000AD23D /* Base */ = {isa = PBXFileReference; lastKnownFileType = file.storyboard; name = Base; path = Base.lproj/LaunchScreen.storyboard; sourceTree = "<group>"; };
		1462E4E91ED282DB000AD23D /* Info.plist */ = {isa = PBXFileReference; lastKnownFileType = text.plist.xml; path = Info.plist; sourceTree = "<group>"; };
		1462E4EE1ED282DB000AD23D /* Pro22Tests.xctest */ = {isa = PBXFileReference; explicitFileType = wrapper.cfbundle; includeInIndex = 0; path = Pro22Tests.xctest; sourceTree = BUILT_PRODUCTS_DIR; };
		1462E4F21ED282DB000AD23D /* Pro22Tests.m */ = {isa = PBXFileReference; lastKnownFileType = sourcecode.c.objc; path = Pro22Tests.m; sourceTree = "<group>"; };
		1462E4F41ED282DB000AD23D /* Info.plist */ = {isa = PBXFileReference; lastKnownFileType = text.plist.xml; path = Info.plist; sourceTree = "<group>"; };
		1462E4F91ED282DB000AD23D /* Pro22UITests.xctest */ = {isa = PBXFileReference; explicitFileType = wrapper.cfbundle; includeInIndex = 0; path = Pro22UITests.xctest; sourceTree = BUILT_PRODUCTS_DIR; };
		1462E4FD1ED282DB000AD23D /* Pro22UITests.m */ = {isa = PBXFileReference; lastKnownFileType = sourcecode.c.objc; path = Pro22UITests.m; sourceTree = "<group>"; };
		1462E4FF1ED282DB000AD23D /* Info.plist */ = {isa = PBXFileReference; lastKnownFileType = text.plist.xml; path = Info.plist; sourceTree = "<group>"; };
		148ECCE445FA963238D18C1C /* libPods-Pro22Tests.a */ = {isa = PBXFileReference; explicitFileType = archive.ar; includeInIndex = 0; path = "libPods-Pro22Tests.a"; sourceTree = BUILT_PRODUCTS_DIR; };
		2019A17A70B0A8C24CFD8DD0 /* Pods-Pro22Tests.release.xcconfig */ = {isa = PBXFileReference; includeInIndex = 1; lastKnownFileType = text.xcconfig; name = "Pods-Pro22Tests.release.xcconfig"; path = "Pods/Target Support Files/Pods-Pro22Tests/Pods-Pro22Tests.release.xcconfig"; sourceTree = "<group>"; };
		480B1368600E8446CA0048C4 /* Pods-Pro22.debug.xcconfig */ = {isa = PBXFileReference; includeInIndex = 1; lastKnownFileType = text.xcconfig; name = "Pods-Pro22.debug.xcconfig"; path = "Pods/Target Support Files/Pods-Pro22/Pods-Pro22.debug.xcconfig"; sourceTree = "<group>"; };
		52328E1DB62031A698869C6E /* Pods-Pro22UITests.debug.xcconfig */ = {isa = PBXFileReference; includeInIndex = 1; lastKnownFileType = text.xcconfig; name = "Pods-Pro22UITests.debug.xcconfig"; path = "Pods/Target Support Files/Pods-Pro22UITests/Pods-Pro22UITests.debug.xcconfig"; sourceTree = "<group>"; };
		60E64D41C237679224BF4DB5 /* Pods-Pro22Tests.debug.xcconfig */ = {isa = PBXFileReference; includeInIndex = 1; lastKnownFileType = text.xcconfig; name = "Pods-Pro22Tests.debug.xcconfig"; path = "Pods/Target Support Files/Pods-Pro22Tests/Pods-Pro22Tests.debug.xcconfig"; sourceTree = "<group>"; };
		8613E47A961809C56AB727B9 /* Pods-Pro22.release.xcconfig */ = {isa = PBXFileReference; includeInIndex = 1; lastKnownFileType = text.xcconfig; name = "Pods-Pro22.release.xcconfig"; path = "Pods/Target Support Files/Pods-Pro22/Pods-Pro22.release.xcconfig"; sourceTree = "<group>"; };
		8ACF24F3A7316AC59156258C /* Pods-Pro22UITests.release.xcconfig */ = {isa = PBXFileReference; includeInIndex = 1; lastKnownFileType = text.xcconfig; name = "Pods-Pro22UITests.release.xcconfig"; path = "Pods/Target Support Files/Pods-Pro22UITests/Pods-Pro22UITests.release.xcconfig"; sourceTree = "<group>"; };
		A6D168E73CAA5784FDD5A716 /* libPods-Pro22UITests.a */ = {isa = PBXFileReference; explicitFileType = archive.ar; includeInIndex = 0; path = "libPods-Pro22UITests.a"; sourceTree = BUILT_PRODUCTS_DIR; };
/* End PBXFileReference section */

/* Begin PBXFrameworksBuildPhase section */
		1462E4D21ED282DB000AD23D /* Frameworks */ = {
			isa = PBXFrameworksBuildPhase;
			buildActionMask = 2147483647;
			files = (
				9A80C55E906D4C95B8DEDD1C /* libPods-Pro22.a in Frameworks */,
			);
			runOnlyForDeploymentPostprocessing = 0;
		};
		1462E4EB1ED282DB000AD23D /* Frameworks */ = {
			isa = PBXFrameworksBuildPhase;
			buildActionMask = 2147483647;
			files = (
				C23EE186602AE6C992E45A87 /* libPods-Pro22Tests.a in Frameworks */,
			);
			runOnlyForDeploymentPostprocessing = 0;
		};
		1462E4F61ED282DB000AD23D /* Frameworks */ = {
			isa = PBXFrameworksBuildPhase;
			buildActionMask = 2147483647;
			files = (
				C3AF3B4D915EBE9A44A02834 /* libPods-Pro22UITests.a in Frameworks */,
			);
			runOnlyForDeploymentPostprocessing = 0;
		};
/* End PBXFrameworksBuildPhase section */

/* Begin PBXGroup section */
		1462E4CC1ED282DB000AD23D = {
			isa = PBXGroup;
			children = (
				1462E4D71ED282DB000AD23D /* Pro22 */,
				1462E4F11ED282DB000AD23D /* Pro22Tests */,
				1462E4FC1ED282DB000AD23D /* Pro22UITests */,
				1462E4D61ED282DB000AD23D /* Products */,
				A8CD32A553F45F1C18BD2784 /* Pods */,
				BCC1A4796918573292361CC4 /* Frameworks */,
			);
			sourceTree = "<group>";
		};
		1462E4D61ED282DB000AD23D /* Products */ = {
			isa = PBXGroup;
			children = (
				1462E4D51ED282DB000AD23D /* Pro22.app */,
				1462E4EE1ED282DB000AD23D /* Pro22Tests.xctest */,
				1462E4F91ED282DB000AD23D /* Pro22UITests.xctest */,
			);
			name = Products;
			sourceTree = "<group>";
		};
		1462E4D71ED282DB000AD23D /* Pro22 */ = {
			isa = PBXGroup;
			children = (
				1462E4DB1ED282DB000AD23D /* AppDelegate.h */,
				1462E4DC1ED282DB000AD23D /* AppDelegate.m */,
				1462E4DE1ED282DB000AD23D /* ViewController.h */,
				1462E4DF1ED282DB000AD23D /* ViewController.m */,
				144EA7101ED2FD080078BD90 /* FLTableViewController.h */,
				144EA7111ED2FD080078BD90 /* FLTableViewController.m */,
				144EA7121ED2FD080078BD90 /* FLTableViewController.xib */,
				144EA7151ED2FDBC0078BD90 /* FLTableViewCell.h */,
				144EA7161ED2FDBC0078BD90 /* FLTableViewCell.m */,
				144EA7171ED2FDBC0078BD90 /* FLTableViewCell.xib */,
				144EA71A1ED307600078BD90 /* HDTableViewCell.h */,
				144EA71B1ED307600078BD90 /* HDTableViewCell.m */,
				144EA71C1ED307600078BD90 /* HDTableViewCell.xib */,
				1462E4E11ED282DB000AD23D /* Main.storyboard */,
				1462E4E41ED282DB000AD23D /* Assets.xcassets */,
				1462E4E61ED282DB000AD23D /* LaunchScreen.storyboard */,
				1462E4E91ED282DB000AD23D /* Info.plist */,
				1462E4D81ED282DB000AD23D /* Supporting Files */,
			);
			path = Pro22;
			sourceTree = "<group>";
		};
		1462E4D81ED282DB000AD23D /* Supporting Files */ = {
			isa = PBXGroup;
			children = (
				1462E4D91ED282DB000AD23D /* main.m */,
			);
			name = "Supporting Files";
			sourceTree = "<group>";
		};
		1462E4F11ED282DB000AD23D /* Pro22Tests */ = {
			isa = PBXGroup;
			children = (
				1462E4F21ED282DB000AD23D /* Pro22Tests.m */,
				1462E4F41ED282DB000AD23D /* Info.plist */,
			);
			path = Pro22Tests;
			sourceTree = "<group>";
		};
		1462E4FC1ED282DB000AD23D /* Pro22UITests */ = {
			isa = PBXGroup;
			children = (
				1462E4FD1ED282DB000AD23D /* Pro22UITests.m */,
				1462E4FF1ED282DB000AD23D /* Info.plist */,
			);
			path = Pro22UITests;
			sourceTree = "<group>";
		};
		A8CD32A553F45F1C18BD2784 /* Pods */ = {
			isa = PBXGroup;
			children = (
				480B1368600E8446CA0048C4 /* Pods-Pro22.debug.xcconfig */,
				8613E47A961809C56AB727B9 /* Pods-Pro22.release.xcconfig */,
				60E64D41C237679224BF4DB5 /* Pods-Pro22Tests.debug.xcconfig */,
				2019A17A70B0A8C24CFD8DD0 /* Pods-Pro22Tests.release.xcconfig */,
				52328E1DB62031A698869C6E /* Pods-Pro22UITests.debug.xcconfig */,
				8ACF24F3A7316AC59156258C /* Pods-Pro22UITests.release.xcconfig */,
			);
			name = Pods;
			sourceTree = "<group>";
		};
		BCC1A4796918573292361CC4 /* Frameworks */ = {
			isa = PBXGroup;
			children = (
				07E0AE4504C253C2451C3BA0 /* libPods-Pro22.a */,
				148ECCE445FA963238D18C1C /* libPods-Pro22Tests.a */,
				A6D168E73CAA5784FDD5A716 /* libPods-Pro22UITests.a */,
			);
			name = Frameworks;
			sourceTree = "<group>";
		};
/* End PBXGroup section */

/* Begin PBXNativeTarget section */
		1462E4D41ED282DB000AD23D /* Pro22 */ = {
			isa = PBXNativeTarget;
			buildConfigurationList = 1462E5021ED282DB000AD23D /* Build configuration list for PBXNativeTarget "Pro22" */;
			buildPhases = (
				80B056503402F060DE2E0066 /* [CP] Check Pods Manifest.lock */,
				1462E4D11ED282DB000AD23D /* Sources */,
				1462E4D21ED282DB000AD23D /* Frameworks */,
				1462E4D31ED282DB000AD23D /* Resources */,
				0CF59BAA45742060EA11D9F0 /* [CP] Embed Pods Frameworks */,
				18BCCE75D962B916544C3ED0 /* [CP] Copy Pods Resources */,
			);
			buildRules = (
			);
			dependencies = (
			);
			name = Pro22;
			productName = Pro22;
			productReference = 1462E4D51ED282DB000AD23D /* Pro22.app */;
			productType = "com.apple.product-type.application";
		};
		1462E4ED1ED282DB000AD23D /* Pro22Tests */ = {
			isa = PBXNativeTarget;
			buildConfigurationList = 1462E5051ED282DB000AD23D /* Build configuration list for PBXNativeTarget "Pro22Tests" */;
			buildPhases = (
				EC225478E632DA24F306BA0B /* [CP] Check Pods Manifest.lock */,
				1462E4EA1ED282DB000AD23D /* Sources */,
				1462E4EB1ED282DB000AD23D /* Frameworks */,
				1462E4EC1ED282DB000AD23D /* Resources */,
				2882793BA5BB5A67ABC80249 /* [CP] Embed Pods Frameworks */,
				4136BACCCC81F5EA8CF54F33 /* [CP] Copy Pods Resources */,
			);
			buildRules = (
			);
			dependencies = (
				1462E4F01ED282DB000AD23D /* PBXTargetDependency */,
			);
			name = Pro22Tests;
			productName = Pro22Tests;
			productReference = 1462E4EE1ED282DB000AD23D /* Pro22Tests.xctest */;
			productType = "com.apple.product-type.bundle.unit-test";
		};
		1462E4F81ED282DB000AD23D /* Pro22UITests */ = {
			isa = PBXNativeTarget;
			buildConfigurationList = 1462E5081ED282DB000AD23D /* Build configuration list for PBXNativeTarget "Pro22UITests" */;
			buildPhases = (
				C270E7AE45D87CAB64D2A3A4 /* [CP] Check Pods Manifest.lock */,
				1462E4F51ED282DB000AD23D /* Sources */,
				1462E4F61ED282DB000AD23D /* Frameworks */,
				1462E4F71ED282DB000AD23D /* Resources */,
				13530CF19B0D5C71B7CD7F65 /* [CP] Embed Pods Frameworks */,
				FD735340502D53D6B0A8DD08 /* [CP] Copy Pods Resources */,
			);
			buildRules = (
			);
			dependencies = (
				1462E4FB1ED282DB000AD23D /* PBXTargetDependency */,
			);
			name = Pro22UITests;
			productName = Pro22UITests;
			productReference = 1462E4F91ED282DB000AD23D /* Pro22UITests.xctest */;
			productType = "com.apple.product-type.bundle.ui-testing";
		};
/* End PBXNativeTarget section */

/* Begin PBXProject section */
		1462E4CD1ED282DB000AD23D /* Project object */ = {
			isa = PBXProject;
			attributes = {
				LastUpgradeCheck = 0830;
				ORGANIZATIONNAME = "盛嘉";
				TargetAttributes = {
					1462E4D41ED282DB000AD23D = {
						CreatedOnToolsVersion = 8.3.2;
						DevelopmentTeam = 7524R5UJ2G;
						ProvisioningStyle = Automatic;
					};
					1462E4ED1ED282DB000AD23D = {
						CreatedOnToolsVersion = 8.3.2;
						DevelopmentTeam = 7524R5UJ2G;
						ProvisioningStyle = Automatic;
						TestTargetID = 1462E4D41ED282DB000AD23D;
					};
					1462E4F81ED282DB000AD23D = {
						CreatedOnToolsVersion = 8.3.2;
						DevelopmentTeam = 7524R5UJ2G;
						ProvisioningStyle = Automatic;
						TestTargetID = 1462E4D41ED282DB000AD23D;
					};
				};
			};
			buildConfigurationList = 1462E4D01ED282DB000AD23D /* Build configuration list for PBXProject "Pro22" */;
			compatibilityVersion = "Xcode 3.2";
			developmentRegion = English;
			hasScannedForEncodings = 0;
			knownRegions = (
				en,
				Base,
			);
			mainGroup = 1462E4CC1ED282DB000AD23D;
			productRefGroup = 1462E4D61ED282DB000AD23D /* Products */;
			projectDirPath = "";
			projectRoot = "";
			targets = (
				1462E4D41ED282DB000AD23D /* Pro22 */,
				1462E4ED1ED282DB000AD23D /* Pro22Tests */,
				1462E4F81ED282DB000AD23D /* Pro22UITests */,
			);
		};
/* End PBXProject section */

/* Begin PBXResourcesBuildPhase section */
		1462E4D31ED282DB000AD23D /* Resources */ = {
			isa = PBXResourcesBuildPhase;
			buildActionMask = 2147483647;
			files = (
				1462E4E81ED282DB000AD23D /* LaunchScreen.storyboard in Resources */,
				1462E4E51ED282DB000AD23D /* Assets.xcassets in Resources */,
				144EA7191ED2FDBC0078BD90 /* FLTableViewCell.xib in Resources */,
				1462E4E31ED282DB000AD23D /* Main.storyboard in Resources */,
				144EA7141ED2FD080078BD90 /* FLTableViewController.xib in Resources */,
				144EA71E1ED307600078BD90 /* HDTableViewCell.xib in Resources */,
			);
			runOnlyForDeploymentPostprocessing = 0;
		};
		1462E4EC1ED282DB000AD23D /* Resources */ = {
			isa = PBXResourcesBuildPhase;
			buildActionMask = 2147483647;
			files = (
			);
			runOnlyForDeploymentPostprocessing = 0;
		};
		1462E4F71ED282DB000AD23D /* Resources */ = {
			isa = PBXResourcesBuildPhase;
			buildActionMask = 2147483647;
			files = (
			);
			runOnlyForDeploymentPostprocessing = 0;
		};
/* End PBXResourcesBuildPhase section */

/* Begin PBXShellScriptBuildPhase section */
		0CF59BAA45742060EA11D9F0 /* [CP] Embed Pods Frameworks */ = {
			isa = PBXShellScriptBuildPhase;
			buildActionMask = 2147483647;
			files = (
			);
			inputPaths = (
			);
			name = "[CP] Embed Pods Frameworks";
			outputPaths = (
			);
			runOnlyForDeploymentPostprocessing = 0;
			shellPath = /bin/sh;
			shellScript = "\"${SRCROOT}/Pods/Target Support Files/Pods-Pro22/Pods-Pro22-frameworks.sh\"\n";
			showEnvVarsInLog = 0;
		};
		13530CF19B0D5C71B7CD7F65 /* [CP] Embed Pods Frameworks */ = {
			isa = PBXShellScriptBuildPhase;
			buildActionMask = 2147483647;
			files = (
			);
			inputPaths = (
			);
			name = "[CP] Embed Pods Frameworks";
			outputPaths = (
			);
			runOnlyForDeploymentPostprocessing = 0;
			shellPath = /bin/sh;
			shellScript = "\"${SRCROOT}/Pods/Target Support Files/Pods-Pro22UITests/Pods-Pro22UITests-frameworks.sh\"\n";
			showEnvVarsInLog = 0;
		};
		18BCCE75D962B916544C3ED0 /* [CP] Copy Pods Resources */ = {
			isa = PBXShellScriptBuildPhase;
			buildActionMask = 2147483647;
			files = (
			);
			inputPaths = (
			);
			name = "[CP] Copy Pods Resources";
			outputPaths = (
			);
			runOnlyForDeploymentPostprocessing = 0;
			shellPath = /bin/sh;
			shellScript = "\"${SRCROOT}/Pods/Target Support Files/Pods-Pro22/Pods-Pro22-resources.sh\"\n";
			showEnvVarsInLog = 0;
		};
		2882793BA5BB5A67ABC80249 /* [CP] Embed Pods Frameworks */ = {
			isa = PBXShellScriptBuildPhase;
			buildActionMask = 2147483647;
			files = (
			);
			inputPaths = (
			);
			name = "[CP] Embed Pods Frameworks";
			outputPaths = (
			);
			runOnlyForDeploymentPostprocessing = 0;
			shellPath = /bin/sh;
			shellScript = "\"${SRCROOT}/Pods/Target Support Files/Pods-Pro22Tests/Pods-Pro22Tests-frameworks.sh\"\n";
			showEnvVarsInLog = 0;
		};
		4136BACCCC81F5EA8CF54F33 /* [CP] Copy Pods Resources */ = {
			isa = PBXShellScriptBuildPhase;
			buildActionMask = 2147483647;
			files = (
			);
			inputPaths = (
			);
			name = "[CP] Copy Pods Resources";
			outputPaths = (
			);
			runOnlyForDeploymentPostprocessing = 0;
			shellPath = /bin/sh;
			shellScript = "\"${SRCROOT}/Pods/Target Support Files/Pods-Pro22Tests/Pods-Pro22Tests-resources.sh\"\n";
			showEnvVarsInLog = 0;
		};
		80B056503402F060DE2E0066 /* [CP] Check Pods Manifest.lock */ = {
			isa = PBXShellScriptBuildPhase;
			buildActionMask = 2147483647;
			files = (
			);
			inputPaths = (
			);
			name = "[CP] Check Pods Manifest.lock";
			outputPaths = (
			);
			runOnlyForDeploymentPostprocessing = 0;
			shellPath = /bin/sh;
			shellScript = "diff \"${PODS_PODFILE_DIR_PATH}/Podfile.lock\" \"${PODS_ROOT}/Manifest.lock\" > /dev/null\nif [ $? != 0 ] ; then\n    # print error to STDERR\n    echo \"error: The sandbox is not in sync with the Podfile.lock. Run 'pod install' or update your CocoaPods installation.\" >&2\n    exit 1\nfi\n";
			showEnvVarsInLog = 0;
		};
		C270E7AE45D87CAB64D2A3A4 /* [CP] Check Pods Manifest.lock */ = {
			isa = PBXShellScriptBuildPhase;
			buildActionMask = 2147483647;
			files = (
			);
			inputPaths = (
			);
			name = "[CP] Check Pods Manifest.lock";
			outputPaths = (
			);
			runOnlyForDeploymentPostprocessing = 0;
			shellPath = /bin/sh;
			shellScript = "diff \"${PODS_PODFILE_DIR_PATH}/Podfile.lock\" \"${PODS_ROOT}/Manifest.lock\" > /dev/null\nif [ $? != 0 ] ; then\n    # print error to STDERR\n    echo \"error: The sandbox is not in sync with the Podfile.lock. Run 'pod install' or update your CocoaPods installation.\" >&2\n    exit 1\nfi\n";
			showEnvVarsInLog = 0;
		};
		EC225478E632DA24F306BA0B /* [CP] Check Pods Manifest.lock */ = {
			isa = PBXShellScriptBuildPhase;
			buildActionMask = 2147483647;
			files = (
			);
			inputPaths = (
			);
			name = "[CP] Check Pods Manifest.lock";
			outputPaths = (
			);
			runOnlyForDeploymentPostprocessing = 0;
			shellPath = /bin/sh;
			shellScript = "diff \"${PODS_PODFILE_DIR_PATH}/Podfile.lock\" \"${PODS_ROOT}/Manifest.lock\" > /dev/null\nif [ $? != 0 ] ; then\n    # print error to STDERR\n    echo \"error: The sandbox is not in sync with the Podfile.lock. Run 'pod install' or update your CocoaPods installation.\" >&2\n    exit 1\nfi\n";
			showEnvVarsInLog = 0;
		};
		FD735340502D53D6B0A8DD08 /* [CP] Copy Pods Resources */ = {
			isa = PBXShellScriptBuildPhase;
			buildActionMask = 2147483647;
			files = (
			);
			inputPaths = (
			);
			name = "[CP] Copy Pods Resources";
			outputPaths = (
			);
			runOnlyForDeploymentPostprocessing = 0;
			shellPath = /bin/sh;
			shellScript = "\"${SRCROOT}/Pods/Target Support Files/Pods-Pro22UITests/Pods-Pro22UITests-resources.sh\"\n";
			showEnvVarsInLog = 0;
		};
/* End PBXShellScriptBuildPhase section */

/* Begin PBXSourcesBuildPhase section */
		1462E4D11ED282DB000AD23D /* Sources */ = {
			isa = PBXSourcesBuildPhase;
			buildActionMask = 2147483647;
			files = (
				144EA7181ED2FDBC0078BD90 /* FLTableViewCell.m in Sources */,
				1462E4E01ED282DB000AD23D /* ViewController.m in Sources */,
				1462E4DD1ED282DB000AD23D /* AppDelegate.m in Sources */,
				144EA71D1ED307600078BD90 /* HDTableViewCell.m in Sources */,
				1462E4DA1ED282DB000AD23D /* main.m in Sources */,
				144EA7131ED2FD080078BD90 /* FLTableViewController.m in Sources */,
			);
			runOnlyForDeploymentPostprocessing = 0;
		};
		1462E4EA1ED282DB000AD23D /* Sources */ = {
			isa = PBXSourcesBuildPhase;
			buildActionMask = 2147483647;
			files = (
				1462E4F31ED282DB000AD23D /* Pro22Tests.m in Sources */,
			);
			runOnlyForDeploymentPostprocessing = 0;
		};
		1462E4F51ED282DB000AD23D /* Sources */ = {
			isa = PBXSourcesBuildPhase;
			buildActionMask = 2147483647;
			files = (
				1462E4FE1ED282DB000AD23D /* Pro22UITests.m in Sources */,
			);
			runOnlyForDeploymentPostprocessing = 0;
		};
/* End PBXSourcesBuildPhase section */

/* Begin PBXTargetDependency section */
		1462E4F01ED282DB000AD23D /* PBXTargetDependency */ = {
			isa = PBXTargetDependency;
			target = 1462E4D41ED282DB000AD23D /* Pro22 */;
			targetProxy = 1462E4EF1ED282DB000AD23D /* PBXContainerItemProxy */;
		};
		1462E4FB1ED282DB000AD23D /* PBXTargetDependency */ = {
			isa = PBXTargetDependency;
			target = 1462E4D41ED282DB000AD23D /* Pro22 */;
			targetProxy = 1462E4FA1ED282DB000AD23D /* PBXContainerItemProxy */;
		};
/* End PBXTargetDependency section */

/* Begin PBXVariantGroup section */
		1462E4E11ED282DB000AD23D /* Main.storyboard */ = {
			isa = PBXVariantGroup;
			children = (
				1462E4E21ED282DB000AD23D /* Base */,
			);
			name = Main.storyboard;
			sourceTree = "<group>";
		};
		1462E4E61ED282DB000AD23D /* LaunchScreen.storyboard */ = {
			isa = PBXVariantGroup;
			children = (
				1462E4E71ED282DB000AD23D /* Base */,
			);
			name = LaunchScreen.storyboard;
			sourceTree = "<group>";
		};
/* End PBXVariantGroup section */

/* Begin XCBuildConfiguration section */
		1462E5001ED282DB000AD23D /* Debug */ = {
			isa = XCBuildConfiguration;
			buildSettings = {
				ALWAYS_SEARCH_USER_PATHS = NO;
				CLANG_ANALYZER_NONNULL = YES;
				CLANG_ANALYZER_NUMBER_OBJECT_CONVERSION = YES_AGGRESSIVE;
				CLANG_CXX_LANGUAGE_STANDARD = "gnu++0x";
				CLANG_CXX_LIBRARY = "libc++";
				CLANG_ENABLE_MODULES = YES;
				CLANG_ENABLE_OBJC_ARC = YES;
				CLANG_WARN_BOOL_CONVERSION = YES;
				CLANG_WARN_CONSTANT_CONVERSION = YES;
				CLANG_WARN_DIRECT_OBJC_ISA_USAGE = YES_ERROR;
				CLANG_WARN_DOCUMENTATION_COMMENTS = YES;
				CLANG_WARN_EMPTY_BODY = YES;
				CLANG_WARN_ENUM_CONVERSION = YES;
				CLANG_WARN_INFINITE_RECURSION = YES;
				CLANG_WARN_INT_CONVERSION = YES;
				CLANG_WARN_OBJC_ROOT_CLASS = YES_ERROR;
				CLANG_WARN_SUSPICIOUS_MOVE = YES;
				CLANG_WARN_UNREACHABLE_CODE = YES;
				CLANG_WARN__DUPLICATE_METHOD_MATCH = YES;
				"CODE_SIGN_IDENTITY[sdk=iphoneos*]" = "iPhone Developer";
				COPY_PHASE_STRIP = NO;
				DEBUG_INFORMATION_FORMAT = dwarf;
				ENABLE_STRICT_OBJC_MSGSEND = YES;
				ENABLE_TESTABILITY = YES;
				GCC_C_LANGUAGE_STANDARD = gnu99;
				GCC_DYNAMIC_NO_PIC = NO;
				GCC_NO_COMMON_BLOCKS = YES;
				GCC_OPTIMIZATION_LEVEL = 0;
				GCC_PREPROCESSOR_DEFINITIONS = (
					"DEBUG=1",
					"$(inherited)",
				);
				GCC_WARN_64_TO_32_BIT_CONVERSION = YES;
				GCC_WARN_ABOUT_RETURN_TYPE = YES_ERROR;
				GCC_WARN_UNDECLARED_SELECTOR = YES;
				GCC_WARN_UNINITIALIZED_AUTOS = YES_AGGRESSIVE;
				GCC_WARN_UNUSED_FUNCTION = YES;
				GCC_WARN_UNUSED_VARIABLE = YES;
				IPHONEOS_DEPLOYMENT_TARGET = 10.3;
				MTL_ENABLE_DEBUG_INFO = YES;
				ONLY_ACTIVE_ARCH = YES;
				SDKROOT = iphoneos;
				TARGETED_DEVICE_FAMILY = "1,2";
			};
			name = Debug;
		};
		1462E5011ED282DB000AD23D /* Release */ = {
			isa = XCBuildConfiguration;
			buildSettings = {
				ALWAYS_SEARCH_USER_PATHS = NO;
				CLANG_ANALYZER_NONNULL = YES;
				CLANG_ANALYZER_NUMBER_OBJECT_CONVERSION = YES_AGGRESSIVE;
				CLANG_CXX_LANGUAGE_STANDARD = "gnu++0x";
				CLANG_CXX_LIBRARY = "libc++";
				CLANG_ENABLE_MODULES = YES;
				CLANG_ENABLE_OBJC_ARC = YES;
				CLANG_WARN_BOOL_CONVERSION = YES;
				CLANG_WARN_CONSTANT_CONVERSION = YES;
				CLANG_WARN_DIRECT_OBJC_ISA_USAGE = YES_ERROR;
				CLANG_WARN_DOCUMENTATION_COMMENTS = YES;
				CLANG_WARN_EMPTY_BODY = YES;
				CLANG_WARN_ENUM_CONVERSION = YES;
				CLANG_WARN_INFINITE_RECURSION = YES;
				CLANG_WARN_INT_CONVERSION = YES;
				CLANG_WARN_OBJC_ROOT_CLASS = YES_ERROR;
				CLANG_WARN_SUSPICIOUS_MOVE = YES;
				CLANG_WARN_UNREACHABLE_CODE = YES;
				CLANG_WARN__DUPLICATE_METHOD_MATCH = YES;
				"CODE_SIGN_IDENTITY[sdk=iphoneos*]" = "iPhone Developer";
				COPY_PHASE_STRIP = NO;
				DEBUG_INFORMATION_FORMAT = "dwarf-with-dsym";
				ENABLE_NS_ASSERTIONS = NO;
				ENABLE_STRICT_OBJC_MSGSEND = YES;
				GCC_C_LANGUAGE_STANDARD = gnu99;
				GCC_NO_COMMON_BLOCKS = YES;
				GCC_WARN_64_TO_32_BIT_CONVERSION = YES;
				GCC_WARN_ABOUT_RETURN_TYPE = YES_ERROR;
				GCC_WARN_UNDECLARED_SELECTOR = YES;
				GCC_WARN_UNINITIALIZED_AUTOS = YES_AGGRESSIVE;
				GCC_WARN_UNUSED_FUNCTION = YES;
				GCC_WARN_UNUSED_VARIABLE = YES;
				IPHONEOS_DEPLOYMENT_TARGET = 10.3;
				MTL_ENABLE_DEBUG_INFO = NO;
				SDKROOT = iphoneos;
				TARGETED_DEVICE_FAMILY = "1,2";
				VALIDATE_PRODUCT = YES;
			};
			name = Release;
		};
		1462E5031ED282DB000AD23D /* Debug */ = {
			isa = XCBuildConfiguration;
			baseConfigurationReference = 480B1368600E8446CA0048C4 /* Pods-Pro22.debug.xcconfig */;
			buildSettings = {
				ASSETCATALOG_COMPILER_APPICON_NAME = AppIcon;
				DEVELOPMENT_TEAM = 7524R5UJ2G;
				INFOPLIST_FILE = Pro22/Info.plist;
				IPHONEOS_DEPLOYMENT_TARGET = 9.2;
				LD_RUNPATH_SEARCH_PATHS = "$(inherited) @executable_path/Frameworks";
				PRODUCT_BUNDLE_IDENTIFIER = com.Pro22;
				PRODUCT_NAME = "$(TARGET_NAME)";
			};
			name = Debug;
		};
		1462E5041ED282DB000AD23D /* Release */ = {
			isa = XCBuildConfiguration;
			baseConfigurationReference = 8613E47A961809C56AB727B9 /* Pods-Pro22.release.xcconfig */;
			buildSettings = {
				ASSETCATALOG_COMPILER_APPICON_NAME = AppIcon;
				DEVELOPMENT_TEAM = 7524R5UJ2G;
				INFOPLIST_FILE = Pro22/Info.plist;
				IPHONEOS_DEPLOYMENT_TARGET = 9.2;
				LD_RUNPATH_SEARCH_PATHS = "$(inherited) @executable_path/Frameworks";
				PRODUCT_BUNDLE_IDENTIFIER = com.Pro22;
				PRODUCT_NAME = "$(TARGET_NAME)";
			};
			name = Release;
		};
		1462E5061ED282DB000AD23D /* Debug */ = {
			isa = XCBuildConfiguration;
			baseConfigurationReference = 60E64D41C237679224BF4DB5 /* Pods-Pro22Tests.debug.xcconfig */;
			buildSettings = {
				BUNDLE_LOADER = "$(TEST_HOST)";
				DEVELOPMENT_TEAM = 7524R5UJ2G;
				INFOPLIST_FILE = Pro22Tests/Info.plist;
				LD_RUNPATH_SEARCH_PATHS = "$(inherited) @executable_path/Frameworks @loader_path/Frameworks";
				PRODUCT_BUNDLE_IDENTIFIER = com.Pro22Tests;
				PRODUCT_NAME = "$(TARGET_NAME)";
				TEST_HOST = "$(BUILT_PRODUCTS_DIR)/Pro22.app/Pro22";
			};
			name = Debug;
		};
		1462E5071ED282DB000AD23D /* Release */ = {
			isa = XCBuildConfiguration;
			baseConfigurationReference = 2019A17A70B0A8C24CFD8DD0 /* Pods-Pro22Tests.release.xcconfig */;
			buildSettings = {
				BUNDLE_LOADER = "$(TEST_HOST)";
				DEVELOPMENT_TEAM = 7524R5UJ2G;
				INFOPLIST_FILE = Pro22Tests/Info.plist;
				LD_RUNPATH_SEARCH_PATHS = "$(inherited) @executable_path/Frameworks @loader_path/Frameworks";
				PRODUCT_BUNDLE_IDENTIFIER = com.Pro22Tests;
				PRODUCT_NAME = "$(TARGET_NAME)";
				TEST_HOST = "$(BUILT_PRODUCTS_DIR)/Pro22.app/Pro22";
			};
			name = Release;
		};
		1462E5091ED282DB000AD23D /* Debug */ = {
			isa = XCBuildConfiguration;
			baseConfigurationReference = 52328E1DB62031A698869C6E /* Pods-Pro22UITests.debug.xcconfig */;
			buildSettings = {
				DEVELOPMENT_TEAM = 7524R5UJ2G;
				INFOPLIST_FILE = Pro22UITests/Info.plist;
				LD_RUNPATH_SEARCH_PATHS = "$(inherited) @executable_path/Frameworks @loader_path/Frameworks";
				PRODUCT_BUNDLE_IDENTIFIER = com.Pro22UITests;
				PRODUCT_NAME = "$(TARGET_NAME)";
				TEST_TARGET_NAME = Pro22;
			};
			name = Debug;
		};
		1462E50A1ED282DB000AD23D /* Release */ = {
			isa = XCBuildConfiguration;
			baseConfigurationReference = 8ACF24F3A7316AC59156258C /* Pods-Pro22UITests.release.xcconfig */;
			buildSettings = {
				DEVELOPMENT_TEAM = 7524R5UJ2G;
				INFOPLIST_FILE = Pro22UITests/Info.plist;
				LD_RUNPATH_SEARCH_PATHS = "$(inherited) @executable_path/Frameworks @loader_path/Frameworks";
				PRODUCT_BUNDLE_IDENTIFIER = com.Pro22UITests;
				PRODUCT_NAME = "$(TARGET_NAME)";
				TEST_TARGET_NAME = Pro22;
			};
			name = Release;
		};
/* End XCBuildConfiguration section */

/* Begin XCConfigurationList section */
		1462E4D01ED282DB000AD23D /* Build configuration list for PBXProject "Pro22" */ = {
			isa = XCConfigurationList;
			buildConfigurations = (
				1462E5001ED282DB000AD23D /* Debug */,
				1462E5011ED282DB000AD23D /* Release */,
			);
			defaultConfigurationIsVisible = 0;
			defaultConfigurationName = Release;
		};
		1462E5021ED282DB000AD23D /* Build configuration list for PBXNativeTarget "Pro22" */ = {
			isa = XCConfigurationList;
			buildConfigurations = (
				1462E5031ED282DB000AD23D /* Debug */,
				1462E5041ED282DB000AD23D /* Release */,
			);
			defaultConfigurationIsVisible = 0;
			defaultConfigurationName = Release;
		};
		1462E5051ED282DB000AD23D /* Build configuration list for PBXNativeTarget "Pro22Tests" */ = {
			isa = XCConfigurationList;
			buildConfigurations = (
				1462E5061ED282DB000AD23D /* Debug */,
				1462E5071ED282DB000AD23D /* Release */,
			);
			defaultConfigurationIsVisible = 0;
			defaultConfigurationName = Release;
		};
		1462E5081ED282DB000AD23D /* Build configuration list for PBXNativeTarget "Pro22UITests" */ = {
			isa = XCConfigurationList;
			buildConfigurations = (
				1462E5091ED282DB000AD23D /* Debug */,
				1462E50A1ED282DB000AD23D /* Release */,
			);
			defaultConfigurationIsVisible = 0;
			defaultConfigurationName = Release;
		};
/* End XCConfigurationList section */
	};
	rootObject = 1462E4CD1ED282DB000AD23D /* Project object */;
}
